{
  "name": "FIX-Netlify-Serverless",
  "lockfileVersion": 2,
  "requires": true,
  "packages": {
    "": {
      "dependencies": {
        "dotenv": "^16.0.3",
        "pupeteer": "^0.0.1"
      }
    },
    "node_modules/dotenv": {
      "version": "16.0.3",
      "resolved": "https://registry.npmjs.org/dotenv/-/dotenv-16.0.3.tgz",
      "integrity": "sha512-7GO6HghkA5fYG9TYnNxi14/7K9f5occMlp3zXAuSxn7CKCxt9xbNWG7yF8hTCSUchlfWSe3uLmlPfigevRItzQ==",
      "engines": {
        "node": ">=12"
      }
    },
    "node_modules/pupeteer": {
      "version": "0.0.1",
      "resolved": "https://registry.npmjs.org/pupeteer/-/pupeteer-0.0.1.tgz",
      "integrity": "sha512-NQmPNNzecPECIHHikzJQChlbzG+TuM7DI0rwIkLH/7URZpPn+wVyJa1FOHo5OJQeGj3oDURNzu7aYM5WrMKw1g=="
    }
  },
  "dependencies": {
    "dotenv": {
      "version": "16.0.3",
      "resolved": "https://registry.npmjs.org/dotenv/-/dotenv-16.0.3.tgz",
      "integrity": "sha512-7GO6HghkA5fYG9TYnNxi14/7K9f5occMlp3zXAuSxn7CKCxt9xbNWG7yF8hTCSUchlfWSe3uLmlPfigevRItzQ=="
    },
    "pupeteer": {
      "version": "0.0.1",
      "resolved": "https://registry.npmjs.org/pupeteer/-/pupeteer-0.0.1.tgz",
      "integrity": "sha512-NQmPNNzecPECIHHikzJQChlbzG+TuM7DI0rwIkLH/7URZpPn+wVyJa1FOHo5OJQeGj3oDURNzu7aYM5WrMKw1g=="
    }
  }
}
